
Microsoft Visual Studio Solution File, Format Version 11.00
# Visual Studio 2010
Project("{2150E333-8FDC-42A3-9474-1A3956D46DE8}") = "Solution Items", "Solution Items", "{B01F1BE9-0EB7-4480-B920-D6E58835E0CE}"
	ProjectSection(SolutionItems) = preProject
		README.txt = README.txt
	EndProjectSection
EndProject
Project("{FAE04EC0-301F-11D3-BF4B-00C04F79EFBC}") = "FluidKit.Showcase", "FluidKit.Showcase\FluidKit.Showcase.csproj", "{18D7F9D1-94C2-45A2-83E1-7B4DE7950F47}"
EndProject
Project("{FAE04EC0-301F-11D3-BF4B-00C04F79EFBC}") = "FluidKit", "FluidKit\FluidKit.csproj", "{75541544-BF77-4FDC-B03B-BC0DBEBFB8F5}"
EndProject
Project("{FAE04EC0-301F-11D3-BF4B-00C04F79EFBC}") = "FluidKit.Samples", "FluidKit.Samples\FluidKit.Samples.csproj", "{CC260BA0-D13E-47C2-93C5-AF0E0F76EAFF}"
EndProject
Global
	GlobalSection(TeamFoundationVersionControl) = preSolution
		SccNumberOfProjects = 4
		SccEnterpriseProvider = {4CA58AB2-18FA-4F8D-95D4-32DDF27D184C}
		SccTeamFoundationServer = https://tfs06.codeplex.com/
		SccLocalPath0 = .
		SccProjectUniqueName1 = FluidKit.Showcase\\FluidKit.Showcase.csproj
		SccProjectName1 = FluidKit.Showcase
		SccLocalPath1 = FluidKit.Showcase
		SccProjectUniqueName2 = FluidKit\\FluidKit.csproj
		SccProjectName2 = FluidKit
		SccLocalPath2 = FluidKit
		SccProjectUniqueName3 = FluidKit.Samples\\FluidKit.Samples.csproj
		SccProjectName3 = FluidKit.Samples
		SccLocalPath3 = FluidKit.Samples
	EndGlobalSection
	GlobalSection(SolutionConfigurationPlatforms) = preSolution
		Debug|Any CPU = Debug|Any CPU
		Release|Any CPU = Release|Any CPU
	EndGlobalSection
	GlobalSection(ProjectConfigurationPlatforms) = postSolution
		{18D7F9D1-94C2-45A2-83E1-7B4DE7950F47}.Debug|Any CPU.ActiveCfg = Debug|Any CPU
		{18D7F9D1-94C2-45A2-83E1-7B4DE7950F47}.Debug|Any CPU.Build.0 = Debug|Any CPU
		{18D7F9D1-94C2-45A2-83E1-7B4DE7950F47}.Release|Any CPU.ActiveCfg = Release|Any CPU
		{18D7F9D1-94C2-45A2-83E1-7B4DE7950F47}.Release|Any CPU.Build.0 = Release|Any CPU
		{75541544-BF77-4FDC-B03B-BC0DBEBFB8F5}.Debug|Any CPU.ActiveCfg = Debug|Any CPU
		{75541544-BF77-4FDC-B03B-BC0DBEBFB8F5}.Debug|Any CPU.Build.0 = Debug|Any CPU
		{75541544-BF77-4FDC-B03B-BC0DBEBFB8F5}.Release|Any CPU.ActiveCfg = Release|Any CPU
		{75541544-BF77-4FDC-B03B-BC0DBEBFB8F5}.Release|Any CPU.Build.0 = Release|Any CPU
		{CC260BA0-D13E-47C2-93C5-AF0E0F76EAFF}.Debug|Any CPU.ActiveCfg = Debug|Any CPU
		{CC260BA0-D13E-47C2-93C5-AF0E0F76EAFF}.Debug|Any CPU.Build.0 = Debug|Any CPU
		{CC260BA0-D13E-47C2-93C5-AF0E0F76EAFF}.Release|Any CPU.ActiveCfg = Release|Any CPU
		{CC260BA0-D13E-47C2-93C5-AF0E0F76EAFF}.Release|Any CPU.Build.0 = Release|Any CPU
	EndGlobalSection
	GlobalSection(SolutionProperties) = preSolution
		HideSolutionNode = FALSE
	EndGlobalSection
EndGlobal
